
Microsoft Visual Studio Solution File, Format Version 12.00
# Visual Studio 14
VisualStudioVersion = 14.0.25420.1
MinimumVisualStudioVersion = 10.0.40219.1
Project("{FAE04EC0-301F-11D3-BF4B-00C04F79EFBC}") = "DownUpload", "DownUpload\DownUpload.csproj", "{44548318-C9F1-403F-A179-D34911CF438A}"
EndProject
Project("{2150E333-8FDC-42A3-9474-1A3956D46DE8}") = "Packages", "Packages", "{69C571F2-76B9-452D-A8D8-B1B67CF24440}"
EndProject
Project("{FAE04EC0-301F-11D3-BF4B-00C04F79EFBC}") = "ICSStudio.Cip", "IcsStudio\ICSStudio.Cip\ICSStudio.Cip.csproj", "{3D36BED6-C812-43F2-8753-88961CD2C41E}"
EndProject
Project("{FAE04EC0-301F-11D3-BF4B-00C04F79EFBC}") = "ICSStudio.CipConnection", "IcsStudio\ICSStudio.CipConnection\ICSStudio.CipConnection.csproj", "{203372F2-17E7-490E-8AE3-104005887B05}"
EndProject
Project("{FAE04EC0-301F-11D3-BF4B-00C04F79EFBC}") = "ICSStudio.CipControllerTest", "IcsStudio\ICSStudio.CipControllerTest\ICSStudio.CipControllerTest.csproj", "{42D8F02A-2968-4557-AE28-BE7CC1172891}"
EndProject
Project("{FAE04EC0-301F-11D3-BF4B-00C04F79EFBC}") = "ICSStudio.SimpleServices", "IcsStudio\ICSStudio.SimpleServices\ICSStudio.SimpleServices.csproj", "{DAC846E0-39E9-46EA-86B5-A5B89571831E}"
EndProject
Project("{FAE04EC0-301F-11D3-BF4B-00C04F79EFBC}") = "ICSStudio.Utils", "IcsStudio\ICSStudio.Utils\ICSStudio.Utils.csproj", "{F880D2C5-68D6-4B83-A89E-B3958A75428D}"
EndProject
Project("{FAE04EC0-301F-11D3-BF4B-00C04F79EFBC}") = "ICSStudio.Interfaces", "IcsStudio\ICSStudio.Interfaces\ICSStudio.Interfaces.csproj", "{2E7D4256-92D6-4E0E-A1A1-D819D4D71667}"
EndProject
Global
	GlobalSection(SolutionConfigurationPlatforms) = preSolution
		Debug|Any CPU = Debug|Any CPU
		Debug|x86 = Debug|x86
		Release|Any CPU = Release|Any CPU
		Release|x86 = Release|x86
	EndGlobalSection
	GlobalSection(ProjectConfigurationPlatforms) = postSolution
		{44548318-C9F1-403F-A179-D34911CF438A}.Debug|Any CPU.ActiveCfg = Debug|Any CPU
		{44548318-C9F1-403F-A179-D34911CF438A}.Debug|Any CPU.Build.0 = Debug|Any CPU
		{44548318-C9F1-403F-A179-D34911CF438A}.Debug|x86.ActiveCfg = Debug|Any CPU
		{44548318-C9F1-403F-A179-D34911CF438A}.Debug|x86.Build.0 = Debug|Any CPU
		{44548318-C9F1-403F-A179-D34911CF438A}.Release|Any CPU.ActiveCfg = Release|Any CPU
		{44548318-C9F1-403F-A179-D34911CF438A}.Release|Any CPU.Build.0 = Release|Any CPU
		{44548318-C9F1-403F-A179-D34911CF438A}.Release|x86.ActiveCfg = Release|Any CPU
		{44548318-C9F1-403F-A179-D34911CF438A}.Release|x86.Build.0 = Release|Any CPU
		{3D36BED6-C812-43F2-8753-88961CD2C41E}.Debug|Any CPU.ActiveCfg = Debug|Any CPU
		{3D36BED6-C812-43F2-8753-88961CD2C41E}.Debug|Any CPU.Build.0 = Debug|Any CPU
		{3D36BED6-C812-43F2-8753-88961CD2C41E}.Debug|x86.ActiveCfg = Debug|Any CPU
		{3D36BED6-C812-43F2-8753-88961CD2C41E}.Debug|x86.Build.0 = Debug|Any CPU
		{3D36BED6-C812-43F2-8753-88961CD2C41E}.Release|Any CPU.ActiveCfg = Release|Any CPU
		{3D36BED6-C812-43F2-8753-88961CD2C41E}.Release|Any CPU.Build.0 = Release|Any CPU
		{3D36BED6-C812-43F2-8753-88961CD2C41E}.Release|x86.ActiveCfg = Release|Any CPU
		{3D36BED6-C812-43F2-8753-88961CD2C41E}.Release|x86.Build.0 = Release|Any CPU
		{203372F2-17E7-490E-8AE3-104005887B05}.Debug|Any CPU.ActiveCfg = Debug|Any CPU
		{203372F2-17E7-490E-8AE3-104005887B05}.Debug|Any CPU.Build.0 = Debug|Any CPU
		{203372F2-17E7-490E-8AE3-104005887B05}.Debug|x86.ActiveCfg = Debug|Any CPU
		{203372F2-17E7-490E-8AE3-104005887B05}.Debug|x86.Build.0 = Debug|Any CPU
		{203372F2-17E7-490E-8AE3-104005887B05}.Release|Any CPU.ActiveCfg = Release|Any CPU
		{203372F2-17E7-490E-8AE3-104005887B05}.Release|Any CPU.Build.0 = Release|Any CPU
		{203372F2-17E7-490E-8AE3-104005887B05}.Release|x86.ActiveCfg = Release|Any CPU
		{203372F2-17E7-490E-8AE3-104005887B05}.Release|x86.Build.0 = Release|Any CPU
		{42D8F02A-2968-4557-AE28-BE7CC1172891}.Debug|Any CPU.ActiveCfg = Debug|Any CPU
		{42D8F02A-2968-4557-AE28-BE7CC1172891}.Debug|Any CPU.Build.0 = Debug|Any CPU
		{42D8F02A-2968-4557-AE28-BE7CC1172891}.Debug|x86.ActiveCfg = Debug|Any CPU
		{42D8F02A-2968-4557-AE28-BE7CC1172891}.Debug|x86.Build.0 = Debug|Any CPU
		{42D8F02A-2968-4557-AE28-BE7CC1172891}.Release|Any CPU.ActiveCfg = Release|Any CPU
		{42D8F02A-2968-4557-AE28-BE7CC1172891}.Release|Any CPU.Build.0 = Release|Any CPU
		{42D8F02A-2968-4557-AE28-BE7CC1172891}.Release|x86.ActiveCfg = Release|Any CPU
		{42D8F02A-2968-4557-AE28-BE7CC1172891}.Release|x86.Build.0 = Release|Any CPU
		{DAC846E0-39E9-46EA-86B5-A5B89571831E}.Debug|Any CPU.ActiveCfg = Debug|Any CPU
		{DAC846E0-39E9-46EA-86B5-A5B89571831E}.Debug|Any CPU.Build.0 = Debug|Any CPU
		{DAC846E0-39E9-46EA-86B5-A5B89571831E}.Debug|x86.ActiveCfg = Debug|Any CPU
		{DAC846E0-39E9-46EA-86B5-A5B89571831E}.Debug|x86.Build.0 = Debug|Any CPU
		{DAC846E0-39E9-46EA-86B5-A5B89571831E}.Release|Any CPU.ActiveCfg = Release|Any CPU
		{DAC846E0-39E9-46EA-86B5-A5B89571831E}.Release|Any CPU.Build.0 = Release|Any CPU
		{DAC846E0-39E9-46EA-86B5-A5B89571831E}.Release|x86.ActiveCfg = Release|Any CPU
		{DAC846E0-39E9-46EA-86B5-A5B89571831E}.Release|x86.Build.0 = Release|Any CPU
		{F880D2C5-68D6-4B83-A89E-B3958A75428D}.Debug|Any CPU.ActiveCfg = Debug|Any CPU
		{F880D2C5-68D6-4B83-A89E-B3958A75428D}.Debug|Any CPU.Build.0 = Debug|Any CPU
		{F880D2C5-68D6-4B83-A89E-B3958A75428D}.Debug|x86.ActiveCfg = Debug|Any CPU
		{F880D2C5-68D6-4B83-A89E-B3958A75428D}.Debug|x86.Build.0 = Debug|Any CPU
		{F880D2C5-68D6-4B83-A89E-B3958A75428D}.Release|Any CPU.ActiveCfg = Release|Any CPU
		{F880D2C5-68D6-4B83-A89E-B3958A75428D}.Release|Any CPU.Build.0 = Release|Any CPU
		{F880D2C5-68D6-4B83-A89E-B3958A75428D}.Release|x86.ActiveCfg = Release|Any CPU
		{F880D2C5-68D6-4B83-A89E-B3958A75428D}.Release|x86.Build.0 = Release|Any CPU
		{2E7D4256-92D6-4E0E-A1A1-D819D4D71667}.Debug|Any CPU.ActiveCfg = Debug|Any CPU
		{2E7D4256-92D6-4E0E-A1A1-D819D4D71667}.Debug|Any CPU.Build.0 = Debug|Any CPU
		{2E7D4256-92D6-4E0E-A1A1-D819D4D71667}.Debug|x86.ActiveCfg = Debug|Any CPU
		{2E7D4256-92D6-4E0E-A1A1-D819D4D71667}.Debug|x86.Build.0 = Debug|Any CPU
		{2E7D4256-92D6-4E0E-A1A1-D819D4D71667}.Release|Any CPU.ActiveCfg = Release|Any CPU
		{2E7D4256-92D6-4E0E-A1A1-D819D4D71667}.Release|Any CPU.Build.0 = Release|Any CPU
		{2E7D4256-92D6-4E0E-A1A1-D819D4D71667}.Release|x86.ActiveCfg = Release|Any CPU
		{2E7D4256-92D6-4E0E-A1A1-D819D4D71667}.Release|x86.Build.0 = Release|Any CPU
	EndGlobalSection
	GlobalSection(SolutionProperties) = preSolution
		HideSolutionNode = FALSE
	EndGlobalSection
	GlobalSection(NestedProjects) = preSolution
		{3D36BED6-C812-43F2-8753-88961CD2C41E} = {69C571F2-76B9-452D-A8D8-B1B67CF24440}
		{203372F2-17E7-490E-8AE3-104005887B05} = {69C571F2-76B9-452D-A8D8-B1B67CF24440}
		{42D8F02A-2968-4557-AE28-BE7CC1172891} = {69C571F2-76B9-452D-A8D8-B1B67CF24440}
		{DAC846E0-39E9-46EA-86B5-A5B89571831E} = {69C571F2-76B9-452D-A8D8-B1B67CF24440}
		{F880D2C5-68D6-4B83-A89E-B3958A75428D} = {69C571F2-76B9-452D-A8D8-B1B67CF24440}
		{2E7D4256-92D6-4E0E-A1A1-D819D4D71667} = {69C571F2-76B9-452D-A8D8-B1B67CF24440}
	EndGlobalSection
EndGlobal
